
Microsoft Visual Studio Solution File, Format Version 12.00
# Visual Studio 15
VisualStudioVersion = 15.0.27004.2006
MinimumVisualStudioVersion = 10.0.40219.1
Project("{9A19103F-16F7-4668-BE54-9A1E7A4F7556}") = "EasyNetQ.Management.Client", "EasyNetQ.Management.Client\EasyNetQ.Management.Client.csproj", "{7E0EA2CD-2868-4A92-913F-B992045A9FEA}"
EndProject
Project("{9A19103F-16F7-4668-BE54-9A1E7A4F7556}") = "EasyNetQ.Management.Client.Tests", "EasyNetQ.Management.Client.Tests\EasyNetQ.Management.Client.Tests.csproj", "{F1DB8933-17DF-4FB8-8B02-945C395ACB98}"
EndProject
Project("{9A19103F-16F7-4668-BE54-9A1E7A4F7556}") = "EasyNetQ.Management.Client.IntegrationTests", "EasyNetQ.Management.Client.IntegrationTests\EasyNetQ.Management.Client.IntegrationTests.csproj", "{66E129EC-56A7-4DB8-AC90-F50AD26A1AA8}"
EndProject
Project("{2150E333-8FDC-42A3-9474-1A3956D46DE8}") = "Solution items", "Solution items", "{A69046CF-3E37-4C7D-B19A-DD79C2938556}"
	ProjectSection(SolutionItems) = preProject
		..\.gitignore = ..\.gitignore
		..\Tools\build\build.cake = ..\Tools\build\build.cake
		..\Tools\build\build.ps1 = ..\Tools\build\build.ps1
		..\Tools\build\build.sh = ..\Tools\build\build.sh
		..\license.txt = ..\license.txt
		..\README.md = ..\README.md
		..\appveyor.yml = ..\appveyor.yml
		..\.travis.yml = ..\.travis.yml
	EndProjectSection
EndProject
Global
	GlobalSection(SolutionConfigurationPlatforms) = preSolution
		Debug|Any CPU = Debug|Any CPU
		Release|Any CPU = Release|Any CPU
	EndGlobalSection
	GlobalSection(ProjectConfigurationPlatforms) = postSolution
		{7E0EA2CD-2868-4A92-913F-B992045A9FEA}.Debug|Any CPU.ActiveCfg = Debug|Any CPU
		{7E0EA2CD-2868-4A92-913F-B992045A9FEA}.Debug|Any CPU.Build.0 = Debug|Any CPU
		{7E0EA2CD-2868-4A92-913F-B992045A9FEA}.Release|Any CPU.ActiveCfg = Release|Any CPU
		{7E0EA2CD-2868-4A92-913F-B992045A9FEA}.Release|Any CPU.Build.0 = Release|Any CPU
		{F1DB8933-17DF-4FB8-8B02-945C395ACB98}.Debug|Any CPU.ActiveCfg = Debug|Any CPU
		{F1DB8933-17DF-4FB8-8B02-945C395ACB98}.Debug|Any CPU.Build.0 = Debug|Any CPU
		{F1DB8933-17DF-4FB8-8B02-945C395ACB98}.Release|Any CPU.ActiveCfg = Release|Any CPU
		{F1DB8933-17DF-4FB8-8B02-945C395ACB98}.Release|Any CPU.Build.0 = Release|Any CPU
		{66E129EC-56A7-4DB8-AC90-F50AD26A1AA8}.Debug|Any CPU.ActiveCfg = Debug|Any CPU
		{66E129EC-56A7-4DB8-AC90-F50AD26A1AA8}.Debug|Any CPU.Build.0 = Debug|Any CPU
		{66E129EC-56A7-4DB8-AC90-F50AD26A1AA8}.Release|Any CPU.ActiveCfg = Release|Any CPU
		{66E129EC-56A7-4DB8-AC90-F50AD26A1AA8}.Release|Any CPU.Build.0 = Release|Any CPU
	EndGlobalSection
	GlobalSection(SolutionProperties) = preSolution
		HideSolutionNode = FALSE
	EndGlobalSection
	GlobalSection(ExtensibilityGlobals) = postSolution
		SolutionGuid = {BB98742B-59A5-4586-BE0A-B1901EA19AB0}
	EndGlobalSection
EndGlobal
