
Microsoft Visual Studio Solution File, Format Version 12.00
# Visual Studio 2012
Project("{2150E333-8FDC-42A3-9474-1A3956D46DE8}") = "Solution Items", "Solution Items", "{6301F5B7-5B36-4EDA-8E37-6C970155F8B4}"
	ProjectSection(SolutionItems) = preProject
		..\Package\EasyNetQ.Management.Client\EasyNetQ.Management.Client.nuspec = ..\Package\EasyNetQ.Management.Client\EasyNetQ.Management.Client.nuspec
		..\Build\EasyNetQ.proj = ..\Build\EasyNetQ.proj
		..\hall_of_fame.md = ..\hall_of_fame.md
		..\licence.txt = ..\licence.txt
		Version.cs = Version.cs
	EndProjectSection
EndProject
Project("{FAE04EC0-301F-11D3-BF4B-00C04F79EFBC}") = "EasyNetQ.Management.Client", "EasyNetQ.Management.Client\EasyNetQ.Management.Client.csproj", "{9888950B-EF30-4763-9076-38B071CDB535}"
EndProject
Project("{FAE04EC0-301F-11D3-BF4B-00C04F79EFBC}") = "EasyNetQ.Management.Client.Tests", "EasyNetQ.Management.Client.Tests\EasyNetQ.Management.Client.Tests.csproj", "{F411090D-1CAB-4726-9F2B-582E9D9D80D7}"
EndProject
Project("{2150E333-8FDC-42A3-9474-1A3956D46DE8}") = ".nuget", ".nuget", "{8B9F313C-2A3A-45D6-944A-DCB2F92C8227}"
	ProjectSection(SolutionItems) = preProject
		.nuget\NuGet.Config = .nuget\NuGet.Config
		.nuget\NuGet.exe = .nuget\NuGet.exe
		.nuget\NuGet.targets = .nuget\NuGet.targets
	EndProjectSection
EndProject
Global
	GlobalSection(SolutionConfigurationPlatforms) = preSolution
		Debug|Any CPU = Debug|Any CPU
		Debug|Mixed Platforms = Debug|Mixed Platforms
		Debug|x86 = Debug|x86
		Release|Any CPU = Release|Any CPU
		Release|Mixed Platforms = Release|Mixed Platforms
		Release|x86 = Release|x86
	EndGlobalSection
	GlobalSection(ProjectConfigurationPlatforms) = postSolution
		{9888950B-EF30-4763-9076-38B071CDB535}.Debug|Any CPU.ActiveCfg = Debug|Any CPU
		{9888950B-EF30-4763-9076-38B071CDB535}.Debug|Any CPU.Build.0 = Debug|Any CPU
		{9888950B-EF30-4763-9076-38B071CDB535}.Debug|Mixed Platforms.ActiveCfg = Debug|Any CPU
		{9888950B-EF30-4763-9076-38B071CDB535}.Debug|Mixed Platforms.Build.0 = Debug|Any CPU
		{9888950B-EF30-4763-9076-38B071CDB535}.Debug|x86.ActiveCfg = Debug|Any CPU
		{9888950B-EF30-4763-9076-38B071CDB535}.Release|Any CPU.ActiveCfg = Release|Any CPU
		{9888950B-EF30-4763-9076-38B071CDB535}.Release|Any CPU.Build.0 = Release|Any CPU
		{9888950B-EF30-4763-9076-38B071CDB535}.Release|Mixed Platforms.ActiveCfg = Release|Any CPU
		{9888950B-EF30-4763-9076-38B071CDB535}.Release|Mixed Platforms.Build.0 = Release|Any CPU
		{9888950B-EF30-4763-9076-38B071CDB535}.Release|x86.ActiveCfg = Release|Any CPU
		{F411090D-1CAB-4726-9F2B-582E9D9D80D7}.Debug|Any CPU.ActiveCfg = Debug|Any CPU
		{F411090D-1CAB-4726-9F2B-582E9D9D80D7}.Debug|Any CPU.Build.0 = Debug|Any CPU
		{F411090D-1CAB-4726-9F2B-582E9D9D80D7}.Debug|Mixed Platforms.ActiveCfg = Debug|Any CPU
		{F411090D-1CAB-4726-9F2B-582E9D9D80D7}.Debug|Mixed Platforms.Build.0 = Debug|Any CPU
		{F411090D-1CAB-4726-9F2B-582E9D9D80D7}.Debug|x86.ActiveCfg = Debug|Any CPU
		{F411090D-1CAB-4726-9F2B-582E9D9D80D7}.Release|Any CPU.ActiveCfg = Release|Any CPU
		{F411090D-1CAB-4726-9F2B-582E9D9D80D7}.Release|Any CPU.Build.0 = Release|Any CPU
		{F411090D-1CAB-4726-9F2B-582E9D9D80D7}.Release|Mixed Platforms.ActiveCfg = Release|Any CPU
		{F411090D-1CAB-4726-9F2B-582E9D9D80D7}.Release|Mixed Platforms.Build.0 = Release|Any CPU
		{F411090D-1CAB-4726-9F2B-582E9D9D80D7}.Release|x86.ActiveCfg = Release|Any CPU
	EndGlobalSection
	GlobalSection(SolutionProperties) = preSolution
		HideSolutionNode = FALSE
	EndGlobalSection
EndGlobal
